// !$*UTF8*$!
{
	archiveVersion = 1;
	classes = {
	};
	objectVersion = 50;
	objects = {

/* Begin PBXBuildFile section */
		2906743C22D6F2E100008553 /* WeatherIconView.swift in Sources */ = {isa = PBXBuildFile; fileRef = 2906743B22D6F2E100008553 /* WeatherIconView.swift */; };
		291AF23922D8F4DE009DB0BE /* LocationDescriptionView.swift in Sources */ = {isa = PBXBuildFile; fileRef = 291AF23822D8F4DE009DB0BE /* LocationDescriptionView.swift */; };
		291AF23B22D8FA15009DB0BE /* LoadingView.swift in Sources */ = {isa = PBXBuildFile; fileRef = 291AF23A22D8FA15009DB0BE /* LoadingView.swift */; };
		297797B022C419B100E4FA88 /* AppDelegate.swift in Sources */ = {isa = PBXBuildFile; fileRef = 297797AF22C419B100E4FA88 /* AppDelegate.swift */; };
		297797B222C419B100E4FA88 /* SceneDelegate.swift in Sources */ = {isa = PBXBuildFile; fileRef = 297797B122C419B100E4FA88 /* SceneDelegate.swift */; };
		297797B422C419B100E4FA88 /* ContentView.swift in Sources */ = {isa = PBXBuildFile; fileRef = 297797B322C419B100E4FA88 /* ContentView.swift */; };
		297797B622C419B100E4FA88 /* Assets.xcassets in Resources */ = {isa = PBXBuildFile; fileRef = 297797B522C419B100E4FA88 /* Assets.xcassets */; };
		297797B922C419B100E4FA88 /* Preview Assets.xcassets in Resources */ = {isa = PBXBuildFile; fileRef = 297797B822C419B100E4FA88 /* Preview Assets.xcassets */; };
		297797BC22C419B100E4FA88 /* LaunchScreen.storyboard in Resources */ = {isa = PBXBuildFile; fileRef = 297797BA22C419B100E4FA88 /* LaunchScreen.storyboard */; };
		29B4476522CD5268002068D5 /* Weather.swift in Sources */ = {isa = PBXBuildFile; fileRef = 29B4476422CD5268002068D5 /* Weather.swift */; };
		29B4476722CD5289002068D5 /* WeatherService.swift in Sources */ = {isa = PBXBuildFile; fileRef = 29B4476622CD5289002068D5 /* WeatherService.swift */; };
		29B4476922CD54A3002068D5 /* WeatherView.swift in Sources */ = {isa = PBXBuildFile; fileRef = 29B4476822CD54A3002068D5 /* WeatherView.swift */; };
/* End PBXBuildFile section */

/* Begin PBXFileReference section */
		2906743B22D6F2E100008553 /* WeatherIconView.swift */ = {isa = PBXFileReference; lastKnownFileType = sourcecode.swift; path = WeatherIconView.swift; sourceTree = "<group>"; };
		291AF23822D8F4DE009DB0BE /* LocationDescriptionView.swift */ = {isa = PBXFileReference; lastKnownFileType = sourcecode.swift; path = LocationDescriptionView.swift; sourceTree = "<group>"; };
		291AF23A22D8FA15009DB0BE /* LoadingView.swift */ = {isa = PBXFileReference; lastKnownFileType = sourcecode.swift; path = LoadingView.swift; sourceTree = "<group>"; };
		297797AC22C419B100E4FA88 /* DaWeather.app */ = {isa = PBXFileReference; explicitFileType = wrapper.application; includeInIndex = 0; path = DaWeather.app; sourceTree = BUILT_PRODUCTS_DIR; };
		297797AF22C419B100E4FA88 /* AppDelegate.swift */ = {isa = PBXFileReference; lastKnownFileType = sourcecode.swift; path = AppDelegate.swift; sourceTree = "<group>"; };
		297797B122C419B100E4FA88 /* SceneDelegate.swift */ = {isa = PBXFileReference; lastKnownFileType = sourcecode.swift; path = SceneDelegate.swift; sourceTree = "<group>"; };
		297797B322C419B100E4FA88 /* ContentView.swift */ = {isa = PBXFileReference; lastKnownFileType = sourcecode.swift; path = ContentView.swift; sourceTree = "<group>"; };
		297797B522C419B100E4FA88 /* Assets.xcassets */ = {isa = PBXFileReference; lastKnownFileType = folder.assetcatalog; path = Assets.xcassets; sourceTree = "<group>"; };
		297797B822C419B100E4FA88 /* Preview Assets.xcassets */ = {isa = PBXFileReference; lastKnownFileType = folder.assetcatalog; path = "Preview Assets.xcassets"; sourceTree = "<group>"; };
		297797BB22C419B100E4FA88 /* Base */ = {isa = PBXFileReference; lastKnownFileType = file.storyboard; name = Base; path = Base.lproj/LaunchScreen.storyboard; sourceTree = "<group>"; };
		297797BD22C419B100E4FA88 /* Info.plist */ = {isa = PBXFileReference; lastKnownFileType = text.plist.xml; path = Info.plist; sourceTree = "<group>"; };
		29B4476422CD5268002068D5 /* Weather.swift */ = {isa = PBXFileReference; lastKnownFileType = sourcecode.swift; path = Weather.swift; sourceTree = "<group>"; };
		29B4476622CD5289002068D5 /* WeatherService.swift */ = {isa = PBXFileReference; lastKnownFileType = sourcecode.swift; path = WeatherService.swift; sourceTree = "<group>"; };
		29B4476822CD54A3002068D5 /* WeatherView.swift */ = {isa = PBXFileReference; lastKnownFileType = sourcecode.swift; path = WeatherView.swift; sourceTree = "<group>"; };
/* End PBXFileReference section */

/* Begin PBXFrameworksBuildPhase section */
		297797A922C419B100E4FA88 /* Frameworks */ = {
			isa = PBXFrameworksBuildPhase;
			buildActionMask = 2147483647;
			files = (
			);
			runOnlyForDeploymentPostprocessing = 0;
		};
/* End PBXFrameworksBuildPhase section */

/* Begin PBXGroup section */
		297797A322C419B100E4FA88 = {
			isa = PBXGroup;
			children = (
				297797AE22C419B100E4FA88 /* DaWeather */,
				297797AD22C419B100E4FA88 /* Products */,
			);
			sourceTree = "<group>";
		};
		297797AD22C419B100E4FA88 /* Products */ = {
			isa = PBXGroup;
			children = (
				297797AC22C419B100E4FA88 /* DaWeather.app */,
			);
			name = Products;
			sourceTree = "<group>";
		};
		297797AE22C419B100E4FA88 /* DaWeather */ = {
			isa = PBXGroup;
			children = (
				29B4476C22CD54FC002068D5 /* Views */,
				29B4476B22CD54C4002068D5 /* Services */,
				29B4476A22CD54BF002068D5 /* Models */,
				297797AF22C419B100E4FA88 /* AppDelegate.swift */,
				297797B122C419B100E4FA88 /* SceneDelegate.swift */,
				297797B522C419B100E4FA88 /* Assets.xcassets */,
				297797BA22C419B100E4FA88 /* LaunchScreen.storyboard */,
				297797BD22C419B100E4FA88 /* Info.plist */,
				297797B722C419B100E4FA88 /* Preview Content */,
			);
			path = DaWeather;
			sourceTree = "<group>";
		};
		297797B722C419B100E4FA88 /* Preview Content */ = {
			isa = PBXGroup;
			children = (
				297797B822C419B100E4FA88 /* Preview Assets.xcassets */,
			);
			path = "Preview Content";
			sourceTree = "<group>";
		};
		29B4476A22CD54BF002068D5 /* Models */ = {
			isa = PBXGroup;
			children = (
				29B4476422CD5268002068D5 /* Weather.swift */,
			);
			path = Models;
			sourceTree = "<group>";
		};
		29B4476B22CD54C4002068D5 /* Services */ = {
			isa = PBXGroup;
			children = (
				29B4476622CD5289002068D5 /* WeatherService.swift */,
			);
			path = Services;
			sourceTree = "<group>";
		};
		29B4476C22CD54FC002068D5 /* Views */ = {
			isa = PBXGroup;
			children = (
				297797B322C419B100E4FA88 /* ContentView.swift */,
				29B4476822CD54A3002068D5 /* WeatherView.swift */,
				291AF23822D8F4DE009DB0BE /* LocationDescriptionView.swift */,
				2906743B22D6F2E100008553 /* WeatherIconView.swift */,
				291AF23A22D8FA15009DB0BE /* LoadingView.swift */,
			);
			path = Views;
			sourceTree = "<group>";
		};
/* End PBXGroup section */

/* Begin PBXNativeTarget section */
		297797AB22C419B100E4FA88 /* DaWeather */ = {
			isa = PBXNativeTarget;
			buildConfigurationList = 297797C022C419B100E4FA88 /* Build configuration list for PBXNativeTarget "DaWeather" */;
			buildPhases = (
				297797A822C419B100E4FA88 /* Sources */,
				297797A922C419B100E4FA88 /* Frameworks */,
				297797AA22C419B100E4FA88 /* Resources */,
			);
			buildRules = (
			);
			dependencies = (
			);
			name = DaWeather;
			productName = DaWeather;
			productReference = 297797AC22C419B100E4FA88 /* DaWeather.app */;
			productType = "com.apple.product-type.application";
		};
/* End PBXNativeTarget section */

/* Begin PBXProject section */
		297797A422C419B100E4FA88 /* Project object */ = {
			isa = PBXProject;
			attributes = {
				LastSwiftUpdateCheck = 1100;
				LastUpgradeCheck = 1100;
				ORGANIZATIONNAME = "Zach Eriksen";
				TargetAttributes = {
					297797AB22C419B100E4FA88 = {
						CreatedOnToolsVersion = 11.0;
					};
				};
			};
			buildConfigurationList = 297797A722C419B100E4FA88 /* Build configuration list for PBXProject "DaWeather" */;
			compatibilityVersion = "Xcode 9.3";
			developmentRegion = en;
			hasScannedForEncodings = 0;
			knownRegions = (
				en,
				Base,
			);
			mainGroup = 297797A322C419B100E4FA88;
			productRefGroup = 297797AD22C419B100E4FA88 /* Products */;
			projectDirPath = "";
			projectRoot = "";
			targets = (
				297797AB22C419B100E4FA88 /* DaWeather */,
			);
		};
/* End PBXProject section */

/* Begin PBXResourcesBuildPhase section */
		297797AA22C419B100E4FA88 /* Resources */ = {
			isa = PBXResourcesBuildPhase;
			buildActionMask = 2147483647;
			files = (
				297797BC22C419B100E4FA88 /* LaunchScreen.storyboard in Resources */,
				297797B922C419B100E4FA88 /* Preview Assets.xcassets in Resources */,
				297797B622C419B100E4FA88 /* Assets.xcassets in Resources */,
			);
			runOnlyForDeploymentPostprocessing = 0;
		};
/* End PBXResourcesBuildPhase section */

/* Begin PBXSourcesBuildPhase section */
		297797A822C419B100E4FA88 /* Sources */ = {
			isa = PBXSourcesBuildPhase;
			buildActionMask = 2147483647;
			files = (
				291AF23922D8F4DE009DB0BE /* LocationDescriptionView.swift in Sources */,
				2906743C22D6F2E100008553 /* WeatherIconView.swift in Sources */,
				291AF23B22D8FA15009DB0BE /* LoadingView.swift in Sources */,
				29B4476722CD5289002068D5 /* WeatherService.swift in Sources */,
				29B4476522CD5268002068D5 /* Weather.swift in Sources */,
				297797B022C419B100E4FA88 /* AppDelegate.swift in Sources */,
				29B4476922CD54A3002068D5 /* WeatherView.swift in Sources */,
				297797B222C419B100E4FA88 /* SceneDelegate.swift in Sources */,
				297797B422C419B100E4FA88 /* ContentView.swift in Sources */,
			);
			runOnlyForDeploymentPostprocessing = 0;
		};
/* End PBXSourcesBuildPhase section */

/* Begin PBXVariantGroup section */
		297797BA22C419B100E4FA88 /* LaunchScreen.storyboard */ = {
			isa = PBXVariantGroup;
			children = (
				297797BB22C419B100E4FA88 /* Base */,
			);
			name = LaunchScreen.storyboard;
			sourceTree = "<group>";
		};
/* End PBXVariantGroup section */

/* Begin XCBuildConfiguration section */
		297797BE22C419B100E4FA88 /* Debug */ = {
			isa = XCBuildConfiguration;
			buildSettings = {
				ALWAYS_SEARCH_USER_PATHS = NO;
				CLANG_ANALYZER_NONNULL = YES;
				CLANG_ANALYZER_NUMBER_OBJECT_CONVERSION = YES_AGGRESSIVE;
				CLANG_CXX_LANGUAGE_STANDARD = "gnu++14";
				CLANG_CXX_LIBRARY = "libc++";
				CLANG_ENABLE_MODULES = YES;
				CLANG_ENABLE_OBJC_ARC = YES;
				CLANG_ENABLE_OBJC_WEAK = YES;
				CLANG_WARN_BLOCK_CAPTURE_AUTORELEASING = YES;
				CLANG_WARN_BOOL_CONVERSION = YES;
				CLANG_WARN_COMMA = YES;
				CLANG_WARN_CONSTANT_CONVERSION = YES;
				CLANG_WARN_DEPRECATED_OBJC_IMPLEMENTATIONS = YES;
				CLANG_WARN_DIRECT_OBJC_ISA_USAGE = YES_ERROR;
				CLANG_WARN_DOCUMENTATION_COMMENTS = YES;
				CLANG_WARN_EMPTY_BODY = YES;
				CLANG_WARN_ENUM_CONVERSION = YES;
				CLANG_WARN_INFINITE_RECURSION = YES;
				CLANG_WARN_INT_CONVERSION = YES;
				CLANG_WARN_NON_LITERAL_NULL_CONVERSION = YES;
				CLANG_WARN_OBJC_IMPLICIT_RETAIN_SELF = YES;
				CLANG_WARN_OBJC_LITERAL_CONVERSION = YES;
				CLANG_WARN_OBJC_ROOT_CLASS = YES_ERROR;
				CLANG_WARN_RANGE_LOOP_ANALYSIS = YES;
				CLANG_WARN_STRICT_PROTOTYPES = YES;
				CLANG_WARN_SUSPICIOUS_MOVE = YES;
				CLANG_WARN_UNGUARDED_AVAILABILITY = YES_AGGRESSIVE;
				CLANG_WARN_UNREACHABLE_CODE = YES;
				CLANG_WARN__DUPLICATE_METHOD_MATCH = YES;
				COPY_PHASE_STRIP = NO;
				DEBUG_INFORMATION_FORMAT = dwarf;
				ENABLE_STRICT_OBJC_MSGSEND = YES;
				ENABLE_TESTABILITY = YES;
				GCC_C_LANGUAGE_STANDARD = gnu11;
				GCC_DYNAMIC_NO_PIC = NO;
				GCC_NO_COMMON_BLOCKS = YES;
				GCC_OPTIMIZATION_LEVEL = 0;
				GCC_PREPROCESSOR_DEFINITIONS = (
					"DEBUG=1",
					"$(inherited)",
				);
				GCC_WARN_64_TO_32_BIT_CONVERSION = YES;
				GCC_WARN_ABOUT_RETURN_TYPE = YES_ERROR;
				GCC_WARN_UNDECLARED_SELECTOR = YES;
				GCC_WARN_UNINITIALIZED_AUTOS = YES_AGGRESSIVE;
				GCC_WARN_UNUSED_FUNCTION = YES;
				GCC_WARN_UNUSED_VARIABLE = YES;
				IPHONEOS_DEPLOYMENT_TARGET = 13.0;
				MTL_ENABLE_DEBUG_INFO = INCLUDE_SOURCE;
				MTL_FAST_MATH = YES;
				ONLY_ACTIVE_ARCH = YES;
				SDKROOT = iphoneos;
				SWIFT_ACTIVE_COMPILATION_CONDITIONS = DEBUG;
				SWIFT_OPTIMIZATION_LEVEL = "-Onone";
			};
			name = Debug;
		};
		297797BF22C419B100E4FA88 /* Release */ = {
			isa = XCBuildConfiguration;
			buildSettings = {
				ALWAYS_SEARCH_USER_PATHS = NO;
				CLANG_ANALYZER_NONNULL = YES;
				CLANG_ANALYZER_NUMBER_OBJECT_CONVERSION = YES_AGGRESSIVE;
				CLANG_CXX_LANGUAGE_STANDARD = "gnu++14";
				CLANG_CXX_LIBRARY = "libc++";
				CLANG_ENABLE_MODULES = YES;
				CLANG_ENABLE_OBJC_ARC = YES;
				CLANG_ENABLE_OBJC_WEAK = YES;
				CLANG_WARN_BLOCK_CAPTURE_AUTORELEASING = YES;
				CLANG_WARN_BOOL_CONVERSION = YES;
				CLANG_WARN_COMMA = YES;
				CLANG_WARN_CONSTANT_CONVERSION = YES;
				CLANG_WARN_DEPRECATED_OBJC_IMPLEMENTATIONS = YES;
				CLANG_WARN_DIRECT_OBJC_ISA_USAGE = YES_ERROR;
				CLANG_WARN_DOCUMENTATION_COMMENTS = YES;
				CLANG_WARN_EMPTY_BODY = YES;
				CLANG_WARN_ENUM_CONVERSION = YES;
				CLANG_WARN_INFINITE_RECURSION = YES;
				CLANG_WARN_INT_CONVERSION = YES;
				CLANG_WARN_NON_LITERAL_NULL_CONVERSION = YES;
				CLANG_WARN_OBJC_IMPLICIT_RETAIN_SELF = YES;
				CLANG_WARN_OBJC_LITERAL_CONVERSION = YES;
				CLANG_WARN_OBJC_ROOT_CLASS = YES_ERROR;
				CLANG_WARN_RANGE_LOOP_ANALYSIS = YES;
				CLANG_WARN_STRICT_PROTOTYPES = YES;
				CLANG_WARN_SUSPICIOUS_MOVE = YES;
				CLANG_WARN_UNGUARDED_AVAILABILITY = YES_AGGRESSIVE;
				CLANG_WARN_UNREACHABLE_CODE = YES;
				CLANG_WARN__DUPLICATE_METHOD_MATCH = YES;
				COPY_PHASE_STRIP = NO;
				DEBUG_INFORMATION_FORMAT = "dwarf-with-dsym";
				ENABLE_NS_ASSERTIONS = NO;
				ENABLE_STRICT_OBJC_MSGSEND = YES;
				GCC_C_LANGUAGE_STANDARD = gnu11;
				GCC_NO_COMMON_BLOCKS = YES;
				GCC_WARN_64_TO_32_BIT_CONVERSION = YES;
				GCC_WARN_ABOUT_RETURN_TYPE = YES_ERROR;
				GCC_WARN_UNDECLARED_SELECTOR = YES;
				GCC_WARN_UNINITIALIZED_AUTOS = YES_AGGRESSIVE;
				GCC_WARN_UNUSED_FUNCTION = YES;
				GCC_WARN_UNUSED_VARIABLE = YES;
				IPHONEOS_DEPLOYMENT_TARGET = 13.0;
				MTL_ENABLE_DEBUG_INFO = NO;
				MTL_FAST_MATH = YES;
				SDKROOT = iphoneos;
				SWIFT_COMPILATION_MODE = wholemodule;
				SWIFT_OPTIMIZATION_LEVEL = "-O";
				VALIDATE_PRODUCT = YES;
			};
			name = Release;
		};
		297797C122C419B100E4FA88 /* Debug */ = {
			isa = XCBuildConfiguration;
			buildSettings = {
				ASSETCATALOG_COMPILER_APPICON_NAME = AppIcon;
				CODE_SIGN_STYLE = Automatic;
				DEVELOPMENT_ASSET_PATHS = "DaWeather/Preview\\ Content";
				DEVELOPMENT_TEAM = 8M8SAX62V2;
				ENABLE_PREVIEWS = YES;
				INFOPLIST_FILE = DaWeather/Info.plist;
				LD_RUNPATH_SEARCH_PATHS = (
					"$(inherited)",
					"@executable_path/Frameworks",
				);
				PRODUCT_BUNDLE_IDENTIFIER = ol.DaWeather;
				PRODUCT_NAME = "$(TARGET_NAME)";
				SWIFT_VERSION = 5.0;
				TARGETED_DEVICE_FAMILY = "1,2";
			};
			name = Debug;
		};
		297797C222C419B100E4FA88 /* Release */ = {
			isa = XCBuildConfiguration;
			buildSettings = {
				ASSETCATALOG_COMPILER_APPICON_NAME = AppIcon;
				CODE_SIGN_STYLE = Automatic;
				DEVELOPMENT_ASSET_PATHS = "DaWeather/Preview\\ Content";
				DEVELOPMENT_TEAM = 8M8SAX62V2;
				ENABLE_PREVIEWS = YES;
				INFOPLIST_FILE = DaWeather/Info.plist;
				LD_RUNPATH_SEARCH_PATHS = (
					"$(inherited)",
					"@executable_path/Frameworks",
				);
				PRODUCT_BUNDLE_IDENTIFIER = ol.DaWeather;
				PRODUCT_NAME = "$(TARGET_NAME)";
				SWIFT_VERSION = 5.0;
				TARGETED_DEVICE_FAMILY = "1,2";
			};
			name = Release;
		};
/* End XCBuildConfiguration section */

/* Begin XCConfigurationList section */
		297797A722C419B100E4FA88 /* Build configuration list for PBXProject "DaWeather" */ = {
			isa = XCConfigurationList;
			buildConfigurations = (
				297797BE22C419B100E4FA88 /* Debug */,
				297797BF22C419B100E4FA88 /* Release */,
			);
			defaultConfigurationIsVisible = 0;
			defaultConfigurationName = Release;
		};
		297797C022C419B100E4FA88 /* Build configuration list for PBXNativeTarget "DaWeather" */ = {
			isa = XCConfigurationList;
			buildConfigurations = (
				297797C122C419B100E4FA88 /* Debug */,
				297797C222C419B100E4FA88 /* Release */,
			);
			defaultConfigurationIsVisible = 0;
			defaultConfigurationName = Release;
		};
/* End XCConfigurationList section */
	};
	rootObject = 297797A422C419B100E4FA88 /* Project object */;
}
